
Microsoft Visual Studio Solution File, Format Version 12.00
# Visual Studio 2013
VisualStudioVersion = 12.0.31101.0
MinimumVisualStudioVersion = 10.0.40219.1
Project("{FAE04EC0-301F-11D3-BF4B-00C04F79EFBC}") = "FileSharing.Core", "Core\FileSharing.Core.csproj", "{B9475A01-B218-4C6E-A3D0-0D8A91DFCF57}"
EndProject
Project("{FAE04EC0-301F-11D3-BF4B-00C04F79EFBC}") = "FileSharing.Core.Tests", "Tests\FileSharing.Core.Tests\FileSharing.Core.Tests.csproj", "{50F5BD21-5B6A-48AD-B17B-9C69C0486BBA}"
EndProject
Global
	GlobalSection(SolutionConfigurationPlatforms) = preSolution
		Debug|Any CPU = Debug|Any CPU
		Release|Any CPU = Release|Any CPU
	EndGlobalSection
	GlobalSection(ProjectConfigurationPlatforms) = postSolution
		{B9475A01-B218-4C6E-A3D0-0D8A91DFCF57}.Debug|Any CPU.ActiveCfg = Debug|Any CPU
		{B9475A01-B218-4C6E-A3D0-0D8A91DFCF57}.Debug|Any CPU.Build.0 = Debug|Any CPU
		{B9475A01-B218-4C6E-A3D0-0D8A91DFCF57}.Release|Any CPU.ActiveCfg = Release|Any CPU
		{B9475A01-B218-4C6E-A3D0-0D8A91DFCF57}.Release|Any CPU.Build.0 = Release|Any CPU
		{50F5BD21-5B6A-48AD-B17B-9C69C0486BBA}.Debug|Any CPU.ActiveCfg = Debug|Any CPU
		{50F5BD21-5B6A-48AD-B17B-9C69C0486BBA}.Debug|Any CPU.Build.0 = Debug|Any CPU
		{50F5BD21-5B6A-48AD-B17B-9C69C0486BBA}.Release|Any CPU.ActiveCfg = Release|Any CPU
		{50F5BD21-5B6A-48AD-B17B-9C69C0486BBA}.Release|Any CPU.Build.0 = Release|Any CPU
	EndGlobalSection
	GlobalSection(SolutionProperties) = preSolution
		HideSolutionNode = FALSE
	EndGlobalSection
EndGlobal
